
Microsoft Visual Studio Solution File, Format Version 12.00
# Visual Studio Version 16
VisualStudioVersion = 16.0.30104.148
MinimumVisualStudioVersion = 10.0.40219.1
Project("{FAE04EC0-301F-11D3-BF4B-00C04F79EFBC}") = "hello_rtd_excel", "hello_rtd_excel.csproj", "{DCC6EAAF-F6C9-46F3-8CB5-BFAB118E6099}"
EndProject
Global
	GlobalSection(SolutionConfigurationPlatforms) = preSolution
		Debug|Any CPU = Debug|Any CPU
		Release|Any CPU = Release|Any CPU
	EndGlobalSection
	GlobalSection(ProjectConfigurationPlatforms) = postSolution
		{DCC6EAAF-F6C9-46F3-8CB5-BFAB118E6099}.Debug|Any CPU.ActiveCfg = Debug|Any CPU
		{DCC6EAAF-F6C9-46F3-8CB5-BFAB118E6099}.Debug|Any CPU.Build.0 = Debug|Any CPU
		{DCC6EAAF-F6C9-46F3-8CB5-BFAB118E6099}.Release|Any CPU.ActiveCfg = Release|Any CPU
		{DCC6EAAF-F6C9-46F3-8CB5-BFAB118E6099}.Release|Any CPU.Build.0 = Release|Any CPU
	EndGlobalSection
	GlobalSection(SolutionProperties) = preSolution
		HideSolutionNode = FALSE
	EndGlobalSection
	GlobalSection(ExtensibilityGlobals) = postSolution
		SolutionGuid = {89318EBC-2A1E-48C9-A483-AED8CA459B45}
	EndGlobalSection
EndGlobal
